// !$*UTF8*$!
{
	archiveVersion = 1;
	classes = {
	};
	objectVersion = 46;
	objects = {

/* Begin PBXBuildFile section */
		FA10262F1DE031B4008F2E6D /* AppDelegate.swift in Sources */ = {isa = PBXBuildFile; fileRef = FA10262E1DE031B4008F2E6D /* AppDelegate.swift */; };
		FA1026341DE031B4008F2E6D /* Main.storyboard in Resources */ = {isa = PBXBuildFile; fileRef = FA1026321DE031B4008F2E6D /* Main.storyboard */; };
		FA1026361DE031B4008F2E6D /* Assets.xcassets in Resources */ = {isa = PBXBuildFile; fileRef = FA1026351DE031B4008F2E6D /* Assets.xcassets */; };
		FA1026391DE031B4008F2E6D /* LaunchScreen.storyboard in Resources */ = {isa = PBXBuildFile; fileRef = FA1026371DE031B4008F2E6D /* LaunchScreen.storyboard */; };
		FA1026411DE034AF008F2E6D /* TweetTableViewController.swift in Sources */ = {isa = PBXBuildFile; fileRef = FA1026401DE034AF008F2E6D /* TweetTableViewController.swift */; };
		FA1026431DE0350D008F2E6D /* TwitterAPI.swift in Sources */ = {isa = PBXBuildFile; fileRef = FA1026421DE0350D008F2E6D /* TwitterAPI.swift */; };
		FA32F7041DE0360B007CC46F /* Alamofire.framework in Frameworks */ = {isa = PBXBuildFile; fileRef = FA32F7021DE0360B007CC46F /* Alamofire.framework */; };
		FA32F7061DE03A45007CC46F /* SwiftyJSON.framework in Frameworks */ = {isa = PBXBuildFile; fileRef = FA32F7031DE0360B007CC46F /* SwiftyJSON.framework */; };
/* End PBXBuildFile section */

/* Begin PBXFileReference section */
		FA10262B1DE031B4008F2E6D /* TweetMashup.app */ = {isa = PBXFileReference; explicitFileType = wrapper.application; includeInIndex = 0; path = TweetMashup.app; sourceTree = BUILT_PRODUCTS_DIR; };
		FA10262E1DE031B4008F2E6D /* AppDelegate.swift */ = {isa = PBXFileReference; lastKnownFileType = sourcecode.swift; path = AppDelegate.swift; sourceTree = "<group>"; };
		FA1026331DE031B4008F2E6D /* Base */ = {isa = PBXFileReference; lastKnownFileType = file.storyboard; name = Base; path = Base.lproj/Main.storyboard; sourceTree = "<group>"; };
		FA1026351DE031B4008F2E6D /* Assets.xcassets */ = {isa = PBXFileReference; lastKnownFileType = folder.assetcatalog; path = Assets.xcassets; sourceTree = "<group>"; };
		FA1026381DE031B4008F2E6D /* Base */ = {isa = PBXFileReference; lastKnownFileType = file.storyboard; name = Base; path = Base.lproj/LaunchScreen.storyboard; sourceTree = "<group>"; };
		FA10263A1DE031B4008F2E6D /* Info.plist */ = {isa = PBXFileReference; lastKnownFileType = text.plist.xml; path = Info.plist; sourceTree = "<group>"; };
		FA1026401DE034AF008F2E6D /* TweetTableViewController.swift */ = {isa = PBXFileReference; fileEncoding = 4; lastKnownFileType = sourcecode.swift; path = TweetTableViewController.swift; sourceTree = "<group>"; };
		FA1026421DE0350D008F2E6D /* TwitterAPI.swift */ = {isa = PBXFileReference; fileEncoding = 4; lastKnownFileType = sourcecode.swift; path = TwitterAPI.swift; sourceTree = "<group>"; };
		FA32F7021DE0360B007CC46F /* Alamofire.framework */ = {isa = PBXFileReference; lastKnownFileType = wrapper.framework; name = Alamofire.framework; path = Carthage/Build/iOS/Alamofire.framework; sourceTree = "<group>"; };
		FA32F7031DE0360B007CC46F /* SwiftyJSON.framework */ = {isa = PBXFileReference; lastKnownFileType = wrapper.framework; name = SwiftyJSON.framework; path = Carthage/Build/iOS/SwiftyJSON.framework; sourceTree = "<group>"; };
/* End PBXFileReference section */

/* Begin PBXFrameworksBuildPhase section */
		FA1026281DE031B4008F2E6D /* Frameworks */ = {
			isa = PBXFrameworksBuildPhase;
			buildActionMask = 2147483647;
			files = (
				FA32F7041DE0360B007CC46F /* Alamofire.framework in Frameworks */,
				FA32F7061DE03A45007CC46F /* SwiftyJSON.framework in Frameworks */,
			);
			runOnlyForDeploymentPostprocessing = 0;
		};
/* End PBXFrameworksBuildPhase section */

/* Begin PBXGroup section */
		FA1026221DE031B4008F2E6D = {
			isa = PBXGroup;
			children = (
				FA10262D1DE031B4008F2E6D /* TweetMashup */,
				FA10262C1DE031B4008F2E6D /* Products */,
				FA32F7011DE0360A007CC46F /* Frameworks */,
			);
			sourceTree = "<group>";
		};
		FA10262C1DE031B4008F2E6D /* Products */ = {
			isa = PBXGroup;
			children = (
				FA10262B1DE031B4008F2E6D /* TweetMashup.app */,
			);
			name = Products;
			sourceTree = "<group>";
		};
		FA10262D1DE031B4008F2E6D /* TweetMashup */ = {
			isa = PBXGroup;
			children = (
				FA10262E1DE031B4008F2E6D /* AppDelegate.swift */,
				FA1026421DE0350D008F2E6D /* TwitterAPI.swift */,
				FA1026321DE031B4008F2E6D /* Main.storyboard */,
				FA1026401DE034AF008F2E6D /* TweetTableViewController.swift */,
				FA1026351DE031B4008F2E6D /* Assets.xcassets */,
				FA1026371DE031B4008F2E6D /* LaunchScreen.storyboard */,
				FA10263A1DE031B4008F2E6D /* Info.plist */,
			);
			path = TweetMashup;
			sourceTree = "<group>";
		};
		FA32F7011DE0360A007CC46F /* Frameworks */ = {
			isa = PBXGroup;
			children = (
				FA32F7021DE0360B007CC46F /* Alamofire.framework */,
				FA32F7031DE0360B007CC46F /* SwiftyJSON.framework */,
			);
			name = Frameworks;
			sourceTree = "<group>";
		};
/* End PBXGroup section */

/* Begin PBXNativeTarget section */
		FA10262A1DE031B4008F2E6D /* TweetMashup */ = {
			isa = PBXNativeTarget;
			buildConfigurationList = FA10263D1DE031B4008F2E6D /* Build configuration list for PBXNativeTarget "TweetMashup" */;
			buildPhases = (
				FA1026271DE031B4008F2E6D /* Sources */,
				FA1026281DE031B4008F2E6D /* Frameworks */,
				FA1026291DE031B4008F2E6D /* Resources */,
				FA1026441DE03589008F2E6D /* Carthage Script */,
			);
			buildRules = (
			);
			dependencies = (
			);
			name = TweetMashup;
			productName = TweetMashup;
			productReference = FA10262B1DE031B4008F2E6D /* TweetMashup.app */;
			productType = "com.apple.product-type.application";
		};
/* End PBXNativeTarget section */

/* Begin PBXProject section */
		FA1026231DE031B4008F2E6D /* Project object */ = {
			isa = PBXProject;
			attributes = {
				LastSwiftUpdateCheck = 0810;
				LastUpgradeCheck = 0810;
				ORGANIZATIONNAME = awol;
				TargetAttributes = {
					FA10262A1DE031B4008F2E6D = {
						CreatedOnToolsVersion = 8.1;
						DevelopmentTeam = 57Y3859J9Q;
						ProvisioningStyle = Automatic;
					};
				};
			};
			buildConfigurationList = FA1026261DE031B4008F2E6D /* Build configuration list for PBXProject "TweetMashup" */;
			compatibilityVersion = "Xcode 3.2";
			developmentRegion = English;
			hasScannedForEncodings = 0;
			knownRegions = (
				en,
				Base,
			);
			mainGroup = FA1026221DE031B4008F2E6D;
			productRefGroup = FA10262C1DE031B4008F2E6D /* Products */;
			projectDirPath = "";
			projectRoot = "";
			targets = (
				FA10262A1DE031B4008F2E6D /* TweetMashup */,
			);
		};
/* End PBXProject section */

/* Begin PBXResourcesBuildPhase section */
		FA1026291DE031B4008F2E6D /* Resources */ = {
			isa = PBXResourcesBuildPhase;
			buildActionMask = 2147483647;
			files = (
				FA1026391DE031B4008F2E6D /* LaunchScreen.storyboard in Resources */,
				FA1026361DE031B4008F2E6D /* Assets.xcassets in Resources */,
				FA1026341DE031B4008F2E6D /* Main.storyboard in Resources */,
			);
			runOnlyForDeploymentPostprocessing = 0;
		};
/* End PBXResourcesBuildPhase section */

/* Begin PBXShellScriptBuildPhase section */
		FA1026441DE03589008F2E6D /* Carthage Script */ = {
			isa = PBXShellScriptBuildPhase;
			buildActionMask = 2147483647;
			files = (
			);
			inputPaths = (
				"$(SRCROOT)/Carthage/Build/iOS/Alamofire.framework",
				"$(SRCROOT)/Carthage/Build/iOS/SwiftyJSON.framework",
			);
			name = "Carthage Script";
			outputPaths = (
			);
			runOnlyForDeploymentPostprocessing = 0;
			shellPath = /bin/sh;
			shellScript = "/usr/local/bin/carthage copy-frameworks";
		};
/* End PBXShellScriptBuildPhase section */

/* Begin PBXSourcesBuildPhase section */
		FA1026271DE031B4008F2E6D /* Sources */ = {
			isa = PBXSourcesBuildPhase;
			buildActionMask = 2147483647;
			files = (
				FA1026431DE0350D008F2E6D /* TwitterAPI.swift in Sources */,
				FA1026411DE034AF008F2E6D /* TweetTableViewController.swift in Sources */,
				FA10262F1DE031B4008F2E6D /* AppDelegate.swift in Sources */,
			);
			runOnlyForDeploymentPostprocessing = 0;
		};
/* End PBXSourcesBuildPhase section */

/* Begin PBXVariantGroup section */
		FA1026321DE031B4008F2E6D /* Main.storyboard */ = {
			isa = PBXVariantGroup;
			children = (
				FA1026331DE031B4008F2E6D /* Base */,
			);
			name = Main.storyboard;
			sourceTree = "<group>";
		};
		FA1026371DE031B4008F2E6D /* LaunchScreen.storyboard */ = {
			isa = PBXVariantGroup;
			children = (
				FA1026381DE031B4008F2E6D /* Base */,
			);
			name = LaunchScreen.storyboard;
			sourceTree = "<group>";
		};
/* End PBXVariantGroup section */

/* Begin XCBuildConfiguration section */
		FA10263B1DE031B4008F2E6D /* Debug */ = {
			isa = XCBuildConfiguration;
			buildSettings = {
				ALWAYS_SEARCH_USER_PATHS = NO;
				CLANG_ANALYZER_NONNULL = YES;
				CLANG_CXX_LANGUAGE_STANDARD = "gnu++0x";
				CLANG_CXX_LIBRARY = "libc++";
				CLANG_ENABLE_MODULES = YES;
				CLANG_ENABLE_OBJC_ARC = YES;
				CLANG_WARN_BOOL_CONVERSION = YES;
				CLANG_WARN_CONSTANT_CONVERSION = YES;
				CLANG_WARN_DIRECT_OBJC_ISA_USAGE = YES_ERROR;
				CLANG_WARN_DOCUMENTATION_COMMENTS = YES;
				CLANG_WARN_EMPTY_BODY = YES;
				CLANG_WARN_ENUM_CONVERSION = YES;
				CLANG_WARN_INFINITE_RECURSION = YES;
				CLANG_WARN_INT_CONVERSION = YES;
				CLANG_WARN_OBJC_ROOT_CLASS = YES_ERROR;
				CLANG_WARN_SUSPICIOUS_MOVES = YES;
				CLANG_WARN_UNREACHABLE_CODE = YES;
				CLANG_WARN__DUPLICATE_METHOD_MATCH = YES;
				"CODE_SIGN_IDENTITY[sdk=iphoneos*]" = "iPhone Developer";
				COPY_PHASE_STRIP = NO;
				DEBUG_INFORMATION_FORMAT = dwarf;
				ENABLE_STRICT_OBJC_MSGSEND = YES;
				ENABLE_TESTABILITY = YES;
				GCC_C_LANGUAGE_STANDARD = gnu99;
				GCC_DYNAMIC_NO_PIC = NO;
				GCC_NO_COMMON_BLOCKS = YES;
				GCC_OPTIMIZATION_LEVEL = 0;
				GCC_PREPROCESSOR_DEFINITIONS = (
					"DEBUG=1",
					"$(inherited)",
				);
				GCC_WARN_64_TO_32_BIT_CONVERSION = YES;
				GCC_WARN_ABOUT_RETURN_TYPE = YES_ERROR;
				GCC_WARN_UNDECLARED_SELECTOR = YES;
				GCC_WARN_UNINITIALIZED_AUTOS = YES_AGGRESSIVE;
				GCC_WARN_UNUSED_FUNCTION = YES;
				GCC_WARN_UNUSED_VARIABLE = YES;
				IPHONEOS_DEPLOYMENT_TARGET = 10.1;
				MTL_ENABLE_DEBUG_INFO = YES;
				ONLY_ACTIVE_ARCH = YES;
				SDKROOT = iphoneos;
				SWIFT_ACTIVE_COMPILATION_CONDITIONS = DEBUG;
				SWIFT_OPTIMIZATION_LEVEL = "-Onone";
				TARGETED_DEVICE_FAMILY = "1,2";
			};
			name = Debug;
		};
		FA10263C1DE031B4008F2E6D /* Release */ = {
			isa = XCBuildConfiguration;
			buildSettings = {
				ALWAYS_SEARCH_USER_PATHS = NO;
				CLANG_ANALYZER_NONNULL = YES;
				CLANG_CXX_LANGUAGE_STANDARD = "gnu++0x";
				CLANG_CXX_LIBRARY = "libc++";
				CLANG_ENABLE_MODULES = YES;
				CLANG_ENABLE_OBJC_ARC = YES;
				CLANG_WARN_BOOL_CONVERSION = YES;
				CLANG_WARN_CONSTANT_CONVERSION = YES;
				CLANG_WARN_DIRECT_OBJC_ISA_USAGE = YES_ERROR;
				CLANG_WARN_DOCUMENTATION_COMMENTS = YES;
				CLANG_WARN_EMPTY_BODY = YES;
				CLANG_WARN_ENUM_CONVERSION = YES;
				CLANG_WARN_INFINITE_RECURSION = YES;
				CLANG_WARN_INT_CONVERSION = YES;
				CLANG_WARN_OBJC_ROOT_CLASS = YES_ERROR;
				CLANG_WARN_SUSPICIOUS_MOVES = YES;
				CLANG_WARN_UNREACHABLE_CODE = YES;
				CLANG_WARN__DUPLICATE_METHOD_MATCH = YES;
				"CODE_SIGN_IDENTITY[sdk=iphoneos*]" = "iPhone Developer";
				COPY_PHASE_STRIP = NO;
				DEBUG_INFORMATION_FORMAT = "dwarf-with-dsym";
				ENABLE_NS_ASSERTIONS = NO;
				ENABLE_STRICT_OBJC_MSGSEND = YES;
				GCC_C_LANGUAGE_STANDARD = gnu99;
				GCC_NO_COMMON_BLOCKS = YES;
				GCC_WARN_64_TO_32_BIT_CONVERSION = YES;
				GCC_WARN_ABOUT_RETURN_TYPE = YES_ERROR;
				GCC_WARN_UNDECLARED_SELECTOR = YES;
				GCC_WARN_UNINITIALIZED_AUTOS = YES_AGGRESSIVE;
				GCC_WARN_UNUSED_FUNCTION = YES;
				GCC_WARN_UNUSED_VARIABLE = YES;
				IPHONEOS_DEPLOYMENT_TARGET = 10.1;
				MTL_ENABLE_DEBUG_INFO = NO;
				SDKROOT = iphoneos;
				SWIFT_OPTIMIZATION_LEVEL = "-Owholemodule";
				TARGETED_DEVICE_FAMILY = "1,2";
				VALIDATE_PRODUCT = YES;
			};
			name = Release;
		};
		FA10263E1DE031B4008F2E6D /* Debug */ = {
			isa = XCBuildConfiguration;
			buildSettings = {
				ASSETCATALOG_COMPILER_APPICON_NAME = AppIcon;
				DEVELOPMENT_TEAM = 57Y3859J9Q;
				FRAMEWORK_SEARCH_PATHS = (
					"$(inherited)",
					"$(PROJECT_DIR)/Carthage/Build/iOS",
				);
				INFOPLIST_FILE = TweetMashup/Info.plist;
				LD_RUNPATH_SEARCH_PATHS = "$(inherited) @executable_path/Frameworks";
				PRODUCT_BUNDLE_IDENTIFIER = com.awol.TweetMashup;
				PRODUCT_NAME = "$(TARGET_NAME)";
				SWIFT_VERSION = 3.0;
			};
			name = Debug;
		};
		FA10263F1DE031B4008F2E6D /* Release */ = {
			isa = XCBuildConfiguration;
			buildSettings = {
				ASSETCATALOG_COMPILER_APPICON_NAME = AppIcon;
				DEVELOPMENT_TEAM = 57Y3859J9Q;
				FRAMEWORK_SEARCH_PATHS = (
					"$(inherited)",
					"$(PROJECT_DIR)/Carthage/Build/iOS",
				);
				INFOPLIST_FILE = TweetMashup/Info.plist;
				LD_RUNPATH_SEARCH_PATHS = "$(inherited) @executable_path/Frameworks";
				PRODUCT_BUNDLE_IDENTIFIER = com.awol.TweetMashup;
				PRODUCT_NAME = "$(TARGET_NAME)";
				SWIFT_VERSION = 3.0;
			};
			name = Release;
		};
/* End XCBuildConfiguration section */

/* Begin XCConfigurationList section */
		FA1026261DE031B4008F2E6D /* Build configuration list for PBXProject "TweetMashup" */ = {
			isa = XCConfigurationList;
			buildConfigurations = (
				FA10263B1DE031B4008F2E6D /* Debug */,
				FA10263C1DE031B4008F2E6D /* Release */,
			);
			defaultConfigurationIsVisible = 0;
			defaultConfigurationName = Release;
		};
		FA10263D1DE031B4008F2E6D /* Build configuration list for PBXNativeTarget "TweetMashup" */ = {
			isa = XCConfigurationList;
			buildConfigurations = (
				FA10263E1DE031B4008F2E6D /* Debug */,
				FA10263F1DE031B4008F2E6D /* Release */,
			);
			defaultConfigurationIsVisible = 0;
			defaultConfigurationName = Release;
		};
/* End XCConfigurationList section */
	};
	rootObject = FA1026231DE031B4008F2E6D /* Project object */;
}
